{
  "requires": true,
  "lockfileVersion": 1,
  "dependencies": {
    "@types/seedrandom": {
      "version": "3.0.5",
      "resolved": "https://registry.npmjs.org/@types/seedrandom/-/seedrandom-3.0.5.tgz",
      "integrity": "sha512-kopEpYpFQvQdYsZkZVwht/0THHmTFFYXDaqV/lM45eweJ8kcGVDgZHs0RVTolSq55UPZNmjhKc9r7UvLu/mQQg==",
      "dev": true
    },
    "types-registry": {
      "version": "0.1.684",
      "resolved": "https://registry.npmjs.org/types-registry/-/types-registry-0.1.684.tgz",
      "integrity": "sha512-B6v+g9M+7IJSc1w2THOmTuRKvd/ACxZTGXM18E8MzpHWx1mGUvGGT+RXsSnxNpyqtbjWLeXj8uyyu/MxVOS3xw=="
    }
  }
}
